
Microsoft Visual Studio Solution File, Format Version 12.00
# Visual Studio Version 17
VisualStudioVersion = 17.13.35913.81 d17.13
MinimumVisualStudioVersion = 10.0.40219.1
Project("{FAE04EC0-301F-11D3-BF4B-00C04F79EFBC}") = "ConsoleProjects", "ConsoleProjects.csproj", "{C273E4AE-422E-4ED9-BB55-0FDA1250D8B5}"
EndProject
Global
	GlobalSection(SolutionConfigurationPlatforms) = preSolution
		Debug|Any CPU = Debug|Any CPU
		Release|Any CPU = Release|Any CPU
	EndGlobalSection
	GlobalSection(ProjectConfigurationPlatforms) = postSolution
		{C273E4AE-422E-4ED9-BB55-0FDA1250D8B5}.Debug|Any CPU.ActiveCfg = Debug|Any CPU
		{C273E4AE-422E-4ED9-BB55-0FDA1250D8B5}.Debug|Any CPU.Build.0 = Debug|Any CPU
		{C273E4AE-422E-4ED9-BB55-0FDA1250D8B5}.Release|Any CPU.ActiveCfg = Release|Any CPU
		{C273E4AE-422E-4ED9-BB55-0FDA1250D8B5}.Release|Any CPU.Build.0 = Release|Any CPU
	EndGlobalSection
	GlobalSection(SolutionProperties) = preSolution
		HideSolutionNode = FALSE
	EndGlobalSection
	GlobalSection(ExtensibilityGlobals) = postSolution
		SolutionGuid = {4048FA69-600C-4092-80CD-E3D1ECAD0C81}
	EndGlobalSection
EndGlobal
