
Microsoft Visual Studio Solution File, Format Version 12.00
# Visual Studio Version 17
VisualStudioVersion = 17.13.35913.81 d17.13
MinimumVisualStudioVersion = 10.0.40219.1
Project("{FAE04EC0-301F-11D3-BF4B-00C04F79EFBC}") = "SuperHeroApi-DotNet8", "SuperHeroApi-DotNet8.csproj", "{AEC46E9C-3214-4E83-AAD2-5ACF3FB5B4AA}"
EndProject
Global
	GlobalSection(SolutionConfigurationPlatforms) = preSolution
		Debug|Any CPU = Debug|Any CPU
		Release|Any CPU = Release|Any CPU
	EndGlobalSection
	GlobalSection(ProjectConfigurationPlatforms) = postSolution
		{AEC46E9C-3214-4E83-AAD2-5ACF3FB5B4AA}.Debug|Any CPU.ActiveCfg = Debug|Any CPU
		{AEC46E9C-3214-4E83-AAD2-5ACF3FB5B4AA}.Debug|Any CPU.Build.0 = Debug|Any CPU
		{AEC46E9C-3214-4E83-AAD2-5ACF3FB5B4AA}.Release|Any CPU.ActiveCfg = Release|Any CPU
		{AEC46E9C-3214-4E83-AAD2-5ACF3FB5B4AA}.Release|Any CPU.Build.0 = Release|Any CPU
	EndGlobalSection
	GlobalSection(SolutionProperties) = preSolution
		HideSolutionNode = FALSE
	EndGlobalSection
	GlobalSection(ExtensibilityGlobals) = postSolution
		SolutionGuid = {1A4364F0-F0E6-4CC8-AFF1-AB26946F5AD2}
	EndGlobalSection
EndGlobal
