
Microsoft Visual Studio Solution File, Format Version 12.00
# Visual Studio Version 17
VisualStudioVersion = 17.13.35913.81
MinimumVisualStudioVersion = 10.0.40219.1
Project("{FAE04EC0-301F-11D3-BF4B-00C04F79EFBC}") = "MdbSync", "MdbSync.csproj", "{D66403AF-F399-4301-AD27-9BBB97EDD130}"
EndProject
Project("{54435603-DBB4-11D2-8724-00A0C9A8B90C}") = "MDB_Sync", "..\MDB_Sync\MDB_Sync.vdproj", "{2DF49239-C320-C00C-0F8C-1C25ECEF551A}"
EndProject
Global
	GlobalSection(SolutionConfigurationPlatforms) = preSolution
		Debug|Any CPU = Debug|Any CPU
		Release|Any CPU = Release|Any CPU
	EndGlobalSection
	GlobalSection(ProjectConfigurationPlatforms) = postSolution
		{D66403AF-F399-4301-AD27-9BBB97EDD130}.Debug|Any CPU.ActiveCfg = Debug|Any CPU
		{D66403AF-F399-4301-AD27-9BBB97EDD130}.Debug|Any CPU.Build.0 = Debug|Any CPU
		{D66403AF-F399-4301-AD27-9BBB97EDD130}.Release|Any CPU.ActiveCfg = Release|Any CPU
		{D66403AF-F399-4301-AD27-9BBB97EDD130}.Release|Any CPU.Build.0 = Release|Any CPU
		{2DF49239-C320-C00C-0F8C-1C25ECEF551A}.Debug|Any CPU.ActiveCfg = Debug
		{2DF49239-C320-C00C-0F8C-1C25ECEF551A}.Release|Any CPU.ActiveCfg = Release
	EndGlobalSection
	GlobalSection(SolutionProperties) = preSolution
		HideSolutionNode = FALSE
	EndGlobalSection
	GlobalSection(ExtensibilityGlobals) = postSolution
		SolutionGuid = {C8C34D64-AD7D-4722-B6D2-139B3529F7F3}
	EndGlobalSection
EndGlobal
