
Microsoft Visual Studio Solution File, Format Version 12.00
# Visual Studio Version 17
VisualStudioVersion = 17.13.35913.81 d17.13
MinimumVisualStudioVersion = 10.0.40219.1
Project("{FAE04EC0-301F-11D3-BF4B-00C04F79EFBC}") = "Hospital OPD", "Hospital OPD.csproj", "{BAB32C2A-1A69-485A-9A2E-1BAB72991026}"
EndProject
Global
	GlobalSection(SolutionConfigurationPlatforms) = preSolution
		Debug|Any CPU = Debug|Any CPU
		Release|Any CPU = Release|Any CPU
	EndGlobalSection
	GlobalSection(ProjectConfigurationPlatforms) = postSolution
		{BAB32C2A-1A69-485A-9A2E-1BAB72991026}.Debug|Any CPU.ActiveCfg = Debug|Any CPU
		{BAB32C2A-1A69-485A-9A2E-1BAB72991026}.Debug|Any CPU.Build.0 = Debug|Any CPU
		{BAB32C2A-1A69-485A-9A2E-1BAB72991026}.Release|Any CPU.ActiveCfg = Release|Any CPU
		{BAB32C2A-1A69-485A-9A2E-1BAB72991026}.Release|Any CPU.Build.0 = Release|Any CPU
	EndGlobalSection
	GlobalSection(SolutionProperties) = preSolution
		HideSolutionNode = FALSE
	EndGlobalSection
	GlobalSection(ExtensibilityGlobals) = postSolution
		SolutionGuid = {AFE18508-5833-4B3A-BE96-92EA22605A31}
	EndGlobalSection
EndGlobal
