
Microsoft Visual Studio Solution File, Format Version 12.00
# Visual Studio Version 17
VisualStudioVersion = 17.13.35913.81 d17.13
MinimumVisualStudioVersion = 10.0.40219.1
Project("{FAE04EC0-301F-11D3-BF4B-00C04F79EFBC}") = "Task_Crud", "Task_Crud.csproj", "{1BA4C3D3-D0D2-4E27-A6D1-AA84E657ADFD}"
EndProject
Global
	GlobalSection(SolutionConfigurationPlatforms) = preSolution
		Debug|Any CPU = Debug|Any CPU
		Release|Any CPU = Release|Any CPU
	EndGlobalSection
	GlobalSection(ProjectConfigurationPlatforms) = postSolution
		{1BA4C3D3-D0D2-4E27-A6D1-AA84E657ADFD}.Debug|Any CPU.ActiveCfg = Debug|Any CPU
		{1BA4C3D3-D0D2-4E27-A6D1-AA84E657ADFD}.Debug|Any CPU.Build.0 = Debug|Any CPU
		{1BA4C3D3-D0D2-4E27-A6D1-AA84E657ADFD}.Release|Any CPU.ActiveCfg = Release|Any CPU
		{1BA4C3D3-D0D2-4E27-A6D1-AA84E657ADFD}.Release|Any CPU.Build.0 = Release|Any CPU
	EndGlobalSection
	GlobalSection(SolutionProperties) = preSolution
		HideSolutionNode = FALSE
	EndGlobalSection
	GlobalSection(ExtensibilityGlobals) = postSolution
		SolutionGuid = {01F63657-CEF3-4AEA-95A7-BE51A1601A52}
	EndGlobalSection
EndGlobal
