
Microsoft Visual Studio Solution File, Format Version 12.00
# Visual Studio Version 17
VisualStudioVersion = 17.13.35913.81 d17.13
MinimumVisualStudioVersion = 10.0.40219.1
Project("{FAE04EC0-301F-11D3-BF4B-00C04F79EFBC}") = "Solid_Priniciple", "Solid_Priniciple.csproj", "{B7A1EC19-5FAD-4167-BC57-12FB826488AD}"
EndProject
Global
	GlobalSection(SolutionConfigurationPlatforms) = preSolution
		Debug|Any CPU = Debug|Any CPU
		Release|Any CPU = Release|Any CPU
	EndGlobalSection
	GlobalSection(ProjectConfigurationPlatforms) = postSolution
		{B7A1EC19-5FAD-4167-BC57-12FB826488AD}.Debug|Any CPU.ActiveCfg = Debug|Any CPU
		{B7A1EC19-5FAD-4167-BC57-12FB826488AD}.Debug|Any CPU.Build.0 = Debug|Any CPU
		{B7A1EC19-5FAD-4167-BC57-12FB826488AD}.Release|Any CPU.ActiveCfg = Release|Any CPU
		{B7A1EC19-5FAD-4167-BC57-12FB826488AD}.Release|Any CPU.Build.0 = Release|Any CPU
	EndGlobalSection
	GlobalSection(SolutionProperties) = preSolution
		HideSolutionNode = FALSE
	EndGlobalSection
	GlobalSection(ExtensibilityGlobals) = postSolution
		SolutionGuid = {0097F8BD-98DC-40E5-9139-6ADD5D1ACF07}
	EndGlobalSection
EndGlobal
