
Microsoft Visual Studio Solution File, Format Version 12.00
# Visual Studio Version 17
VisualStudioVersion = 17.13.35913.81
MinimumVisualStudioVersion = 10.0.40219.1
Project("{FAE04EC0-301F-11D3-BF4B-00C04F79EFBC}") = "Synchronization_Database_MDB", "Synchronization_Database_MDB.csproj", "{0682E391-BFC8-421F-B8B7-528867DCA00E}"
EndProject
Project("{54435603-DBB4-11D2-8724-00A0C9A8B90C}") = "MyAppInstaller", "..\MyAppInstaller\MyAppInstaller.vdproj", "{68E19D14-5DFD-F868-B698-038CA92AA9B7}"
EndProject
Global
	GlobalSection(SolutionConfigurationPlatforms) = preSolution
		Debug|Any CPU = Debug|Any CPU
		Release|Any CPU = Release|Any CPU
	EndGlobalSection
	GlobalSection(ProjectConfigurationPlatforms) = postSolution
		{0682E391-BFC8-421F-B8B7-528867DCA00E}.Debug|Any CPU.ActiveCfg = Debug|Any CPU
		{0682E391-BFC8-421F-B8B7-528867DCA00E}.Debug|Any CPU.Build.0 = Debug|Any CPU
		{0682E391-BFC8-421F-B8B7-528867DCA00E}.Release|Any CPU.ActiveCfg = Release|Any CPU
		{0682E391-BFC8-421F-B8B7-528867DCA00E}.Release|Any CPU.Build.0 = Release|Any CPU
		{68E19D14-5DFD-F868-B698-038CA92AA9B7}.Debug|Any CPU.ActiveCfg = Debug
		{68E19D14-5DFD-F868-B698-038CA92AA9B7}.Release|Any CPU.ActiveCfg = Release
	EndGlobalSection
	GlobalSection(SolutionProperties) = preSolution
		HideSolutionNode = FALSE
	EndGlobalSection
	GlobalSection(ExtensibilityGlobals) = postSolution
		SolutionGuid = {F7A726C3-A62D-472A-BFCA-7FB752D59462}
	EndGlobalSection
EndGlobal
