
Microsoft Visual Studio Solution File, Format Version 12.00
# Visual Studio Version 17
VisualStudioVersion = 17.13.35913.81 d17.13
MinimumVisualStudioVersion = 10.0.40219.1
Project("{FAE04EC0-301F-11D3-BF4B-00C04F79EFBC}") = "AccessDbSyncApp", "AccessDbSyncApp.csproj", "{429D3225-F52C-478E-9F52-99535FA2147B}"
EndProject
Global
	GlobalSection(SolutionConfigurationPlatforms) = preSolution
		Debug|Any CPU = Debug|Any CPU
		Release|Any CPU = Release|Any CPU
	EndGlobalSection
	GlobalSection(ProjectConfigurationPlatforms) = postSolution
		{429D3225-F52C-478E-9F52-99535FA2147B}.Debug|Any CPU.ActiveCfg = Debug|Any CPU
		{429D3225-F52C-478E-9F52-99535FA2147B}.Debug|Any CPU.Build.0 = Debug|Any CPU
		{429D3225-F52C-478E-9F52-99535FA2147B}.Release|Any CPU.ActiveCfg = Release|Any CPU
		{429D3225-F52C-478E-9F52-99535FA2147B}.Release|Any CPU.Build.0 = Release|Any CPU
	EndGlobalSection
	GlobalSection(SolutionProperties) = preSolution
		HideSolutionNode = FALSE
	EndGlobalSection
	GlobalSection(ExtensibilityGlobals) = postSolution
		SolutionGuid = {7AE454C7-147B-4A23-9631-75389E929397}
	EndGlobalSection
EndGlobal
