
Microsoft Visual Studio Solution File, Format Version 12.00
# Visual Studio Version 17
VisualStudioVersion = 17.13.35913.81 d17.13
MinimumVisualStudioVersion = 10.0.40219.1
Project("{FAE04EC0-301F-11D3-BF4B-00C04F79EFBC}") = "WebApp", "WebApp.csproj", "{2F749FBB-C5A8-48AD-93A4-8BBBF4CFBD01}"
EndProject
Global
	GlobalSection(SolutionConfigurationPlatforms) = preSolution
		Debug|Any CPU = Debug|Any CPU
		Release|Any CPU = Release|Any CPU
	EndGlobalSection
	GlobalSection(ProjectConfigurationPlatforms) = postSolution
		{2F749FBB-C5A8-48AD-93A4-8BBBF4CFBD01}.Debug|Any CPU.ActiveCfg = Debug|Any CPU
		{2F749FBB-C5A8-48AD-93A4-8BBBF4CFBD01}.Debug|Any CPU.Build.0 = Debug|Any CPU
		{2F749FBB-C5A8-48AD-93A4-8BBBF4CFBD01}.Release|Any CPU.ActiveCfg = Release|Any CPU
		{2F749FBB-C5A8-48AD-93A4-8BBBF4CFBD01}.Release|Any CPU.Build.0 = Release|Any CPU
	EndGlobalSection
	GlobalSection(SolutionProperties) = preSolution
		HideSolutionNode = FALSE
	EndGlobalSection
	GlobalSection(ExtensibilityGlobals) = postSolution
		SolutionGuid = {5E1C30CC-A7F4-4E36-9E79-2D83B383FFF4}
	EndGlobalSection
EndGlobal
