
Microsoft Visual Studio Solution File, Format Version 12.00
# Visual Studio Version 17
VisualStudioVersion = 17.13.35913.81 d17.13
MinimumVisualStudioVersion = 10.0.40219.1
Project("{FAE04EC0-301F-11D3-BF4B-00C04F79EFBC}") = "ArrayListExercise", "ArrayListExercise.csproj", "{BF86E430-CE27-4CD6-B390-00F775BCCCEC}"
EndProject
Global
	GlobalSection(SolutionConfigurationPlatforms) = preSolution
		Debug|Any CPU = Debug|Any CPU
		Release|Any CPU = Release|Any CPU
	EndGlobalSection
	GlobalSection(ProjectConfigurationPlatforms) = postSolution
		{BF86E430-CE27-4CD6-B390-00F775BCCCEC}.Debug|Any CPU.ActiveCfg = Debug|Any CPU
		{BF86E430-CE27-4CD6-B390-00F775BCCCEC}.Debug|Any CPU.Build.0 = Debug|Any CPU
		{BF86E430-CE27-4CD6-B390-00F775BCCCEC}.Release|Any CPU.ActiveCfg = Release|Any CPU
		{BF86E430-CE27-4CD6-B390-00F775BCCCEC}.Release|Any CPU.Build.0 = Release|Any CPU
	EndGlobalSection
	GlobalSection(SolutionProperties) = preSolution
		HideSolutionNode = FALSE
	EndGlobalSection
	GlobalSection(ExtensibilityGlobals) = postSolution
		SolutionGuid = {788776B2-527E-45D6-A5BB-9BF9CA0BDFAF}
	EndGlobalSection
EndGlobal
