
Microsoft Visual Studio Solution File, Format Version 12.00
# Visual Studio Version 17
VisualStudioVersion = 17.13.35913.81
MinimumVisualStudioVersion = 10.0.40219.1
Project("{FAE04EC0-301F-11D3-BF4B-00C04F79EFBC}") = "Authentication", "Authentication.csproj", "{E750BA46-0413-43D8-8330-3BE975D1934E}"
EndProject
Global
	GlobalSection(SolutionConfigurationPlatforms) = preSolution
		Debug|Any CPU = Debug|Any CPU
		Release|Any CPU = Release|Any CPU
	EndGlobalSection
	GlobalSection(ProjectConfigurationPlatforms) = postSolution
		{E750BA46-0413-43D8-8330-3BE975D1934E}.Debug|Any CPU.ActiveCfg = Debug|Any CPU
		{E750BA46-0413-43D8-8330-3BE975D1934E}.Debug|Any CPU.Build.0 = Debug|Any CPU
		{E750BA46-0413-43D8-8330-3BE975D1934E}.Release|Any CPU.ActiveCfg = Release|Any CPU
		{E750BA46-0413-43D8-8330-3BE975D1934E}.Release|Any CPU.Build.0 = Release|Any CPU
	EndGlobalSection
	GlobalSection(SolutionProperties) = preSolution
		HideSolutionNode = FALSE
	EndGlobalSection
	GlobalSection(ExtensibilityGlobals) = postSolution
		SolutionGuid = {54015E20-427A-4F9B-B547-C03495E2975A}
	EndGlobalSection
EndGlobal
